
Microsoft Visual Studio Solution File, Format Version 12.00
# Visual Studio 15
VisualStudioVersion = 15.0.28307.136
MinimumVisualStudioVersion = 10.0.40219.1
Project("{8BC9CEB8-8B4A-11D0-8D11-00A0C91BC942}") = "OpenSBSvr", "OpenSBSvr.vcxproj", "{FDBEAB95-FA7E-4CE0-9901-A21B8DD6F245}"
EndProject
Global
	GlobalSection(SolutionConfigurationPlatforms) = preSolution
		Debug|x64 = Debug|x64
		Debug|x86 = Debug|x86
		Release|x64 = Release|x64
		Release|x86 = Release|x86
	EndGlobalSection
	GlobalSection(ProjectConfigurationPlatforms) = postSolution
		{FDBEAB95-FA7E-4CE0-9901-A21B8DD6F245}.Debug|x64.ActiveCfg = Debug|x64
		{FDBEAB95-FA7E-4CE0-9901-A21B8DD6F245}.Debug|x64.Build.0 = Debug|x64
		{FDBEAB95-FA7E-4CE0-9901-A21B8DD6F245}.Debug|x86.ActiveCfg = Debug|Win32
		{FDBEAB95-FA7E-4CE0-9901-A21B8DD6F245}.Debug|x86.Build.0 = Debug|Win32
		{FDBEAB95-FA7E-4CE0-9901-A21B8DD6F245}.Release|x64.ActiveCfg = Release|x64
		{FDBEAB95-FA7E-4CE0-9901-A21B8DD6F245}.Release|x64.Build.0 = Release|x64
		{FDBEAB95-FA7E-4CE0-9901-A21B8DD6F245}.Release|x86.ActiveCfg = Release|Win32
		{FDBEAB95-FA7E-4CE0-9901-A21B8DD6F245}.Release|x86.Build.0 = Release|Win32
	EndGlobalSection
	GlobalSection(SolutionProperties) = preSolution
		HideSolutionNode = FALSE
	EndGlobalSection
	GlobalSection(ExtensibilityGlobals) = postSolution
		SolutionGuid = {C506F781-074F-4480-885E-B53A82E9B0A0}
	EndGlobalSection
EndGlobal
